lockfileVersion: '9.0'

settings:
  autoInstallPeers: true
  excludeLinksFromLockfile: false

importers:

  .:
    devDependencies:
      '@types/node':
        specifier: ^24.1.0
        version: 24.1.0
      jiti:
        specifier: ^2.4.2
        version: 2.4.2
      smol-toml:
        specifier: ^1.4.1
        version: 1.4.1

packages:

  '@types/node@24.1.0':
    resolution: {integrity: sha512-ut5FthK5moxFKH2T1CUOC6ctR67rQRvvHdFLCD2Ql6KXmMuCrjsSsRI9UsLCm9M18BMwClv4pn327UvB7eeO1w==}

  jiti@2.4.2:
    resolution: {integrity: sha512-rg9zJN+G4n2nfJl5MW3BMygZX56zKPNVEYYqq7adpmMh4Jn2QNEwhvQlFy6jPVdcod7txZtKHWnyZiA3a0zP7A==}
    hasBin: true

  smol-toml@1.4.1:
    resolution: {integrity: sha512-CxdwHXyYTONGHThDbq5XdwbFsuY4wlClRGejfE2NtwUtiHYsP1QtNsHb/hnj31jKYSchztJsaA8pSQoVzkfCFg==}
    engines: {node: '>= 18'}

  undici-types@7.8.0:
    resolution: {integrity: sha512-9UJ2xGDvQ43tYyVMpuHlsgApydB8ZKfVYTsLDhXkFL/6gfkp+U8xTGdh8pMJv1SpZna0zxG1DwsKZsreLbXBxw==}

snapshots:

  '@types/node@24.1.0':
    dependencies:
      undici-types: 7.8.0

  jiti@2.4.2: {}

  smol-toml@1.4.1: {}

  undici-types@7.8.0: {}
